
Microsoft Visual Studio Solution File, Format Version 12.00
# Visual Studio Version 16
VisualStudioVersion = 16.0.29306.81
MinimumVisualStudioVersion = 10.0.40219.1
Project("{9A19103F-16F7-4668-BE54-9A1E7A4F7556}") = "MDAProject.Common", "MDAProject.Common\MDAProject.Common.csproj", "{6AEE6B32-C073-44E7-8176-19DDC5EA8DA7}"
EndProject
Project("{9A19103F-16F7-4668-BE54-9A1E7A4F7556}") = "MDAProject.Web", "MDAProject.Web\MDAProject.Web.csproj", "{D51D5108-1682-4226-8A8E-A27AC4125D67}"
EndProject
Project("{9A19103F-16F7-4668-BE54-9A1E7A4F7556}") = "MDAProject.Prism", "MDAProject.Prism\MDAProject.Prism\MDAProject.Prism.csproj", "{9F4DD3CA-5E0F-4A6D-A0BF-E737C378026A}"
EndProject
Project("{FAE04EC0-301F-11D3-BF4B-00C04F79EFBC}") = "MDAProject.Prism.Android", "MDAProject.Prism\MDAProject.Prism.Android\MDAProject.Prism.Android.csproj", "{D5E54CD2-D140-47F1-9458-24FC61D9FA91}"
EndProject
Project("{FAE04EC0-301F-11D3-BF4B-00C04F79EFBC}") = "MDAProject.Prism.iOS", "MDAProject.Prism\MDAProject.Prism.iOS\MDAProject.Prism.iOS.csproj", "{80312D36-CAA1-4893-A9A0-C884DCDF16FC}"
EndProject
Global
	GlobalSection(SolutionConfigurationPlatforms) = preSolution
		Ad-Hoc|Any CPU = Ad-Hoc|Any CPU
		Ad-Hoc|iPhone = Ad-Hoc|iPhone
		Ad-Hoc|iPhoneSimulator = Ad-Hoc|iPhoneSimulator
		AppStore|Any CPU = AppStore|Any CPU
		AppStore|iPhone = AppStore|iPhone
		AppStore|iPhoneSimulator = AppStore|iPhoneSimulator
		Debug|Any CPU = Debug|Any CPU
		Debug|iPhone = Debug|iPhone
		Debug|iPhoneSimulator = Debug|iPhoneSimulator
		Release|Any CPU = Release|Any CPU
		Release|iPhone = Release|iPhone
		Release|iPhoneSimulator = Release|iPhoneSimulator
	EndGlobalSection
	GlobalSection(ProjectConfigurationPlatforms) = postSolution
		{6AEE6B32-C073-44E7-8176-19DDC5EA8DA7}.Ad-Hoc|Any CPU.ActiveCfg = Release|Any CPU
		{6AEE6B32-C073-44E7-8176-19DDC5EA8DA7}.Ad-Hoc|Any CPU.Build.0 = Release|Any CPU
		{6AEE6B32-C073-44E7-8176-19DDC5EA8DA7}.Ad-Hoc|iPhone.ActiveCfg = Release|Any CPU
		{6AEE6B32-C073-44E7-8176-19DDC5EA8DA7}.Ad-Hoc|iPhone.Build.0 = Release|Any CPU
		{6AEE6B32-C073-44E7-8176-19DDC5EA8DA7}.Ad-Hoc|iPhoneSimulator.ActiveCfg = Release|Any CPU
		{6AEE6B32-C073-44E7-8176-19DDC5EA8DA7}.Ad-Hoc|iPhoneSimulator.Build.0 = Release|Any CPU
		{6AEE6B32-C073-44E7-8176-19DDC5EA8DA7}.AppStore|Any CPU.ActiveCfg = Release|Any CPU
		{6AEE6B32-C073-44E7-8176-19DDC5EA8DA7}.AppStore|Any CPU.Build.0 = Release|Any CPU
		{6AEE6B32-C073-44E7-8176-19DDC5EA8DA7}.AppStore|iPhone.ActiveCfg = Release|Any CPU
		{6AEE6B32-C073-44E7-8176-19DDC5EA8DA7}.AppStore|iPhone.Build.0 = Release|Any CPU
		{6AEE6B32-C073-44E7-8176-19DDC5EA8DA7}.AppStore|iPhoneSimulator.ActiveCfg = Release|Any CPU
		{6AEE6B32-C073-44E7-8176-19DDC5EA8DA7}.AppStore|iPhoneSimulator.Build.0 = Release|Any CPU
		{6AEE6B32-C073-44E7-8176-19DDC5EA8DA7}.Debug|Any CPU.ActiveCfg = Debug|Any CPU
		{6AEE6B32-C073-44E7-8176-19DDC5EA8DA7}.Debug|Any CPU.Build.0 = Debug|Any CPU
		{6AEE6B32-C073-44E7-8176-19DDC5EA8DA7}.Debug|iPhone.ActiveCfg = Debug|Any CPU
		{6AEE6B32-C073-44E7-8176-19DDC5EA8DA7}.Debug|iPhone.Build.0 = Debug|Any CPU
		{6AEE6B32-C073-44E7-8176-19DDC5EA8DA7}.Debug|iPhoneSimulator.ActiveCfg = Debug|Any CPU
		{6AEE6B32-C073-44E7-8176-19DDC5EA8DA7}.Debug|iPhoneSimulator.Build.0 = Debug|Any CPU
		{6AEE6B32-C073-44E7-8176-19DDC5EA8DA7}.Release|Any CPU.ActiveCfg = Release|Any CPU
		{6AEE6B32-C073-44E7-8176-19DDC5EA8DA7}.Release|Any CPU.Build.0 = Release|Any CPU
		{6AEE6B32-C073-44E7-8176-19DDC5EA8DA7}.Release|iPhone.ActiveCfg = Release|Any CPU
		{6AEE6B32-C073-44E7-8176-19DDC5EA8DA7}.Release|iPhone.Build.0 = Release|Any CPU
		{6AEE6B32-C073-44E7-8176-19DDC5EA8DA7}.Release|iPhoneSimulator.ActiveCfg = Release|Any CPU
		{6AEE6B32-C073-44E7-8176-19DDC5EA8DA7}.Release|iPhoneSimulator.Build.0 = Release|Any CPU
		{D51D5108-1682-4226-8A8E-A27AC4125D67}.Ad-Hoc|Any CPU.ActiveCfg = Release|Any CPU
		{D51D5108-1682-4226-8A8E-A27AC4125D67}.Ad-Hoc|Any CPU.Build.0 = Release|Any CPU
		{D51D5108-1682-4226-8A8E-A27AC4125D67}.Ad-Hoc|iPhone.ActiveCfg = Release|Any CPU
		{D51D5108-1682-4226-8A8E-A27AC4125D67}.Ad-Hoc|iPhone.Build.0 = Release|Any CPU
		{D51D5108-1682-4226-8A8E-A27AC4125D67}.Ad-Hoc|iPhoneSimulator.ActiveCfg = Release|Any CPU
		{D51D5108-1682-4226-8A8E-A27AC4125D67}.Ad-Hoc|iPhoneSimulator.Build.0 = Release|Any CPU
		{D51D5108-1682-4226-8A8E-A27AC4125D67}.AppStore|Any CPU.ActiveCfg = Release|Any CPU
		{D51D5108-1682-4226-8A8E-A27AC4125D67}.AppStore|Any CPU.Build.0 = Release|Any CPU
		{D51D5108-1682-4226-8A8E-A27AC4125D67}.AppStore|iPhone.ActiveCfg = Release|Any CPU
		{D51D5108-1682-4226-8A8E-A27AC4125D67}.AppStore|iPhone.Build.0 = Release|Any CPU
		{D51D5108-1682-4226-8A8E-A27AC4125D67}.AppStore|iPhoneSimulator.ActiveCfg = Release|Any CPU
		{D51D5108-1682-4226-8A8E-A27AC4125D67}.AppStore|iPhoneSimulator.Build.0 = Release|Any CPU
		{D51D5108-1682-4226-8A8E-A27AC4125D67}.Debug|Any CPU.ActiveCfg = Debug|Any CPU
		{D51D5108-1682-4226-8A8E-A27AC4125D67}.Debug|Any CPU.Build.0 = Debug|Any CPU
		{D51D5108-1682-4226-8A8E-A27AC4125D67}.Debug|iPhone.ActiveCfg = Debug|Any CPU
		{D51D5108-1682-4226-8A8E-A27AC4125D67}.Debug|iPhone.Build.0 = Debug|Any CPU
		{D51D5108-1682-4226-8A8E-A27AC4125D67}.Debug|iPhoneSimulator.ActiveCfg = Debug|Any CPU
		{D51D5108-1682-4226-8A8E-A27AC4125D67}.Debug|iPhoneSimulator.Build.0 = Debug|Any CPU
		{D51D5108-1682-4226-8A8E-A27AC4125D67}.Release|Any CPU.ActiveCfg = Release|Any CPU
		{D51D5108-1682-4226-8A8E-A27AC4125D67}.Release|Any CPU.Build.0 = Release|Any CPU
		{D51D5108-1682-4226-8A8E-A27AC4125D67}.Release|iPhone.ActiveCfg = Release|Any CPU
		{D51D5108-1682-4226-8A8E-A27AC4125D67}.Release|iPhone.Build.0 = Release|Any CPU
		{D51D5108-1682-4226-8A8E-A27AC4125D67}.Release|iPhoneSimulator.ActiveCfg = Release|Any CPU
		{D51D5108-1682-4226-8A8E-A27AC4125D67}.Release|iPhoneSimulator.Build.0 = Release|Any CPU
		{9F4DD3CA-5E0F-4A6D-A0BF-E737C378026A}.Ad-Hoc|Any CPU.ActiveCfg = Debug|Any CPU
		{9F4DD3CA-5E0F-4A6D-A0BF-E737C378026A}.Ad-Hoc|Any CPU.Build.0 = Debug|Any CPU
		{9F4DD3CA-5E0F-4A6D-A0BF-E737C378026A}.Ad-Hoc|iPhone.ActiveCfg = Debug|Any CPU
		{9F4DD3CA-5E0F-4A6D-A0BF-E737C378026A}.Ad-Hoc|iPhone.Build.0 = Debug|Any CPU
		{9F4DD3CA-5E0F-4A6D-A0BF-E737C378026A}.Ad-Hoc|iPhoneSimulator.ActiveCfg = Debug|Any CPU
		{9F4DD3CA-5E0F-4A6D-A0BF-E737C378026A}.Ad-Hoc|iPhoneSimulator.Build.0 = Debug|Any CPU
		{9F4DD3CA-5E0F-4A6D-A0BF-E737C378026A}.AppStore|Any CPU.ActiveCfg = Debug|Any CPU
		{9F4DD3CA-5E0F-4A6D-A0BF-E737C378026A}.AppStore|Any CPU.Build.0 = Debug|Any CPU
		{9F4DD3CA-5E0F-4A6D-A0BF-E737C378026A}.AppStore|iPhone.ActiveCfg = Debug|Any CPU
		{9F4DD3CA-5E0F-4A6D-A0BF-E737C378026A}.AppStore|iPhone.Build.0 = Debug|Any CPU
		{9F4DD3CA-5E0F-4A6D-A0BF-E737C378026A}.AppStore|iPhoneSimulator.ActiveCfg = Debug|Any CPU
		{9F4DD3CA-5E0F-4A6D-A0BF-E737C378026A}.AppStore|iPhoneSimulator.Build.0 = Debug|Any CPU
		{9F4DD3CA-5E0F-4A6D-A0BF-E737C378026A}.Debug|Any CPU.ActiveCfg = Debug|Any CPU
		{9F4DD3CA-5E0F-4A6D-A0BF-E737C378026A}.Debug|Any CPU.Build.0 = Debug|Any CPU
		{9F4DD3CA-5E0F-4A6D-A0BF-E737C378026A}.Debug|iPhone.ActiveCfg = Debug|Any CPU
		{9F4DD3CA-5E0F-4A6D-A0BF-E737C378026A}.Debug|iPhone.Build.0 = Debug|Any CPU
		{9F4DD3CA-5E0F-4A6D-A0BF-E737C378026A}.Debug|iPhoneSimulator.ActiveCfg = Debug|Any CPU
		{9F4DD3CA-5E0F-4A6D-A0BF-E737C378026A}.Debug|iPhoneSimulator.Build.0 = Debug|Any CPU
		{9F4DD3CA-5E0F-4A6D-A0BF-E737C378026A}.Release|Any CPU.ActiveCfg = Release|Any CPU
		{9F4DD3CA-5E0F-4A6D-A0BF-E737C378026A}.Release|Any CPU.Build.0 = Release|Any CPU
		{9F4DD3CA-5E0F-4A6D-A0BF-E737C378026A}.Release|iPhone.ActiveCfg = Release|Any CPU
		{9F4DD3CA-5E0F-4A6D-A0BF-E737C378026A}.Release|iPhone.Build.0 = Release|Any CPU
		{9F4DD3CA-5E0F-4A6D-A0BF-E737C378026A}.Release|iPhoneSimulator.ActiveCfg = Release|Any CPU
		{9F4DD3CA-5E0F-4A6D-A0BF-E737C378026A}.Release|iPhoneSimulator.Build.0 = Release|Any CPU
		{D5E54CD2-D140-47F1-9458-24FC61D9FA91}.Ad-Hoc|Any CPU.ActiveCfg = Release|Any CPU
		{D5E54CD2-D140-47F1-9458-24FC61D9FA91}.Ad-Hoc|Any CPU.Build.0 = Release|Any CPU
		{D5E54CD2-D140-47F1-9458-24FC61D9FA91}.Ad-Hoc|Any CPU.Deploy.0 = Release|Any CPU
		{D5E54CD2-D140-47F1-9458-24FC61D9FA91}.Ad-Hoc|iPhone.ActiveCfg = Release|Any CPU
		{D5E54CD2-D140-47F1-9458-24FC61D9FA91}.Ad-Hoc|iPhone.Build.0 = Release|Any CPU
		{D5E54CD2-D140-47F1-9458-24FC61D9FA91}.Ad-Hoc|iPhone.Deploy.0 = Release|Any CPU
		{D5E54CD2-D140-47F1-9458-24FC61D9FA91}.Ad-Hoc|iPhoneSimulator.ActiveCfg = Release|Any CPU
		{D5E54CD2-D140-47F1-9458-24FC61D9FA91}.Ad-Hoc|iPhoneSimulator.Build.0 = Release|Any CPU
		{D5E54CD2-D140-47F1-9458-24FC61D9FA91}.Ad-Hoc|iPhoneSimulator.Deploy.0 = Release|Any CPU
		{D5E54CD2-D140-47F1-9458-24FC61D9FA91}.AppStore|Any CPU.ActiveCfg = Release|Any CPU
		{D5E54CD2-D140-47F1-9458-24FC61D9FA91}.AppStore|Any CPU.Build.0 = Release|Any CPU
		{D5E54CD2-D140-47F1-9458-24FC61D9FA91}.AppStore|Any CPU.Deploy.0 = Release|Any CPU
		{D5E54CD2-D140-47F1-9458-24FC61D9FA91}.AppStore|iPhone.ActiveCfg = Release|Any CPU
		{D5E54CD2-D140-47F1-9458-24FC61D9FA91}.AppStore|iPhone.Build.0 = Release|Any CPU
		{D5E54CD2-D140-47F1-9458-24FC61D9FA91}.AppStore|iPhone.Deploy.0 = Release|Any CPU
		{D5E54CD2-D140-47F1-9458-24FC61D9FA91}.AppStore|iPhoneSimulator.ActiveCfg = Release|Any CPU
		{D5E54CD2-D140-47F1-9458-24FC61D9FA91}.AppStore|iPhoneSimulator.Build.0 = Release|Any CPU
		{D5E54CD2-D140-47F1-9458-24FC61D9FA91}.AppStore|iPhoneSimulator.Deploy.0 = Release|Any CPU
		{D5E54CD2-D140-47F1-9458-24FC61D9FA91}.Debug|Any CPU.ActiveCfg = Debug|Any CPU
		{D5E54CD2-D140-47F1-9458-24FC61D9FA91}.Debug|Any CPU.Build.0 = Debug|Any CPU
		{D5E54CD2-D140-47F1-9458-24FC61D9FA91}.Debug|Any CPU.Deploy.0 = Debug|Any CPU
		{D5E54CD2-D140-47F1-9458-24FC61D9FA91}.Debug|iPhone.ActiveCfg = Debug|Any CPU
		{D5E54CD2-D140-47F1-9458-24FC61D9FA91}.Debug|iPhone.Build.0 = Debug|Any CPU
		{D5E54CD2-D140-47F1-9458-24FC61D9FA91}.Debug|iPhone.Deploy.0 = Debug|Any CPU
		{D5E54CD2-D140-47F1-9458-24FC61D9FA91}.Debug|iPhoneSimulator.ActiveCfg = Debug|Any CPU
		{D5E54CD2-D140-47F1-9458-24FC61D9FA91}.Debug|iPhoneSimulator.Build.0 = Debug|Any CPU
		{D5E54CD2-D140-47F1-9458-24FC61D9FA91}.Debug|iPhoneSimulator.Deploy.0 = Debug|Any CPU
		{D5E54CD2-D140-47F1-9458-24FC61D9FA91}.Release|Any CPU.ActiveCfg = Release|Any CPU
		{D5E54CD2-D140-47F1-9458-24FC61D9FA91}.Release|Any CPU.Build.0 = Release|Any CPU
		{D5E54CD2-D140-47F1-9458-24FC61D9FA91}.Release|Any CPU.Deploy.0 = Release|Any CPU
		{D5E54CD2-D140-47F1-9458-24FC61D9FA91}.Release|iPhone.ActiveCfg = Release|Any CPU
		{D5E54CD2-D140-47F1-9458-24FC61D9FA91}.Release|iPhone.Build.0 = Release|Any CPU
		{D5E54CD2-D140-47F1-9458-24FC61D9FA91}.Release|iPhone.Deploy.0 = Release|Any CPU
		{D5E54CD2-D140-47F1-9458-24FC61D9FA91}.Release|iPhoneSimulator.ActiveCfg = Release|Any CPU
		{D5E54CD2-D140-47F1-9458-24FC61D9FA91}.Release|iPhoneSimulator.Build.0 = Release|Any CPU
		{D5E54CD2-D140-47F1-9458-24FC61D9FA91}.Release|iPhoneSimulator.Deploy.0 = Release|Any CPU
		{80312D36-CAA1-4893-A9A0-C884DCDF16FC}.Ad-Hoc|Any CPU.ActiveCfg = Ad-Hoc|iPhone
		{80312D36-CAA1-4893-A9A0-C884DCDF16FC}.Ad-Hoc|iPhone.ActiveCfg = Ad-Hoc|iPhone
		{80312D36-CAA1-4893-A9A0-C884DCDF16FC}.Ad-Hoc|iPhone.Build.0 = Ad-Hoc|iPhone
		{80312D36-CAA1-4893-A9A0-C884DCDF16FC}.Ad-Hoc|iPhoneSimulator.ActiveCfg = Ad-Hoc|iPhoneSimulator
		{80312D36-CAA1-4893-A9A0-C884DCDF16FC}.Ad-Hoc|iPhoneSimulator.Build.0 = Ad-Hoc|iPhoneSimulator
		{80312D36-CAA1-4893-A9A0-C884DCDF16FC}.AppStore|Any CPU.ActiveCfg = AppStore|iPhone
		{80312D36-CAA1-4893-A9A0-C884DCDF16FC}.AppStore|iPhone.ActiveCfg = AppStore|iPhone
		{80312D36-CAA1-4893-A9A0-C884DCDF16FC}.AppStore|iPhone.Build.0 = AppStore|iPhone
		{80312D36-CAA1-4893-A9A0-C884DCDF16FC}.AppStore|iPhoneSimulator.ActiveCfg = AppStore|iPhoneSimulator
		{80312D36-CAA1-4893-A9A0-C884DCDF16FC}.AppStore|iPhoneSimulator.Build.0 = AppStore|iPhoneSimulator
		{80312D36-CAA1-4893-A9A0-C884DCDF16FC}.Debug|Any CPU.ActiveCfg = Debug|iPhone
		{80312D36-CAA1-4893-A9A0-C884DCDF16FC}.Debug|iPhone.ActiveCfg = Debug|iPhone
		{80312D36-CAA1-4893-A9A0-C884DCDF16FC}.Debug|iPhone.Build.0 = Debug|iPhone
		{80312D36-CAA1-4893-A9A0-C884DCDF16FC}.Debug|iPhoneSimulator.ActiveCfg = Debug|iPhoneSimulator
		{80312D36-CAA1-4893-A9A0-C884DCDF16FC}.Debug|iPhoneSimulator.Build.0 = Debug|iPhoneSimulator
		{80312D36-CAA1-4893-A9A0-C884DCDF16FC}.Release|Any CPU.ActiveCfg = Release|iPhone
		{80312D36-CAA1-4893-A9A0-C884DCDF16FC}.Release|iPhone.ActiveCfg = Release|iPhone
		{80312D36-CAA1-4893-A9A0-C884DCDF16FC}.Release|iPhone.Build.0 = Release|iPhone
		{80312D36-CAA1-4893-A9A0-C884DCDF16FC}.Release|iPhoneSimulator.ActiveCfg = Release|iPhoneSimulator
		{80312D36-CAA1-4893-A9A0-C884DCDF16FC}.Release|iPhoneSimulator.Build.0 = Release|iPhoneSimulator
	EndGlobalSection
	GlobalSection(SolutionProperties) = preSolution
		HideSolutionNode = FALSE
	EndGlobalSection
	GlobalSection(ExtensibilityGlobals) = postSolution
		RESX_PrefixTranslations = False
		SolutionGuid = {7B68BC05-C30E-4CAC-9228-DD157B9643AC}
	EndGlobalSection
EndGlobal
